
Microsoft Visual Studio Solution File, Format Version 12.00
# Visual Studio Version 16
VisualStudioVersion = 16.0.30114.105
MinimumVisualStudioVersion = 10.0.40219.1
Project("{FAE04EC0-301F-11D3-BF4B-00C04F79EFBC}") = "api", "api\api.csproj", "{C02BAE6A-F975-467D-8640-9F25B667D9BE}"
EndProject
Global
	GlobalSection(SolutionConfigurationPlatforms) = preSolution
		Debug|Any CPU = Debug|Any CPU
		Release|Any CPU = Release|Any CPU
	EndGlobalSection
	GlobalSection(SolutionProperties) = preSolution
		HideSolutionNode = FALSE
	EndGlobalSection
	GlobalSection(ProjectConfigurationPlatforms) = postSolution
		{C02BAE6A-F975-467D-8640-9F25B667D9BE}.Debug|Any CPU.ActiveCfg = Debug|Any CPU
		{C02BAE6A-F975-467D-8640-9F25B667D9BE}.Debug|Any CPU.Build.0 = Debug|Any CPU
		{C02BAE6A-F975-467D-8640-9F25B667D9BE}.Release|Any CPU.ActiveCfg = Release|Any CPU
		{C02BAE6A-F975-467D-8640-9F25B667D9BE}.Release|Any CPU.Build.0 = Release|Any CPU
	EndGlobalSection
EndGlobal
